
Microsoft Visual Studio Solution File, Format Version 10.00
# Visual Studio 2008
Project("{8BC9CEB8-8B4A-11D0-8D11-00A0C91BC942}") = "SwigUtils", "SwigUtils.vcproj", "{0DD35BC3-7AD8-4CD5-9CBA-412F66710C0B}"
EndProject
Global
	GlobalSection(SolutionConfigurationPlatforms) = preSolution
		Debug|Win32 = Debug|Win32
		Release|Win32 = Release|Win32
	EndGlobalSection
	GlobalSection(ProjectConfigurationPlatforms) = postSolution
		{0DD35BC3-7AD8-4CD5-9CBA-412F66710C0B}.Debug|Win32.ActiveCfg = Debug|Win32
		{0DD35BC3-7AD8-4CD5-9CBA-412F66710C0B}.Debug|Win32.Build.0 = Debug|Win32
		{0DD35BC3-7AD8-4CD5-9CBA-412F66710C0B}.Release|Win32.ActiveCfg = Release|Win32
		{0DD35BC3-7AD8-4CD5-9CBA-412F66710C0B}.Release|Win32.Build.0 = Release|Win32
	EndGlobalSection
	GlobalSection(SolutionProperties) = preSolution
		HideSolutionNode = FALSE
	EndGlobalSection
EndGlobal
